<?xml version="1.0" encoding="utf-8"?>
<Project ToolsVersion="4.0" xmlns="http://schemas.microsoft.com/developer/msbuild/2003">
  <ItemGroup>
    <ClInclude Include="..\..\test\cmp_mm_test.cpp">
        <Filter>qvm\test</Filter>
    </ClInclude>
  </ItemGroup>
  <ItemGroup>
    <Filter Include="qvm">
      <UniqueIdentifier>{4DC37980-75AB-3F37-33DD-7FB905AE4263}</UniqueIdentifier>
    </Filter>
    <Filter Include="qvm\test">
      <UniqueIdentifier>{3EF715D5-3D58-4CA9-2E9B-34CB4B1646D0}</UniqueIdentifier>
    </Filter>
  </ItemGroup>
</Project>
